
Microsoft Visual Studio Solution File, Format Version 12.00
# Visual Studio Version 17
VisualStudioVersion = 17.0.32126.317
MinimumVisualStudioVersion = 10.0.40219.1
Project("{FAE04EC0-301F-11D3-BF4B-00C04F79EFBC}") = "ConsoleApp1.AvaliaçãoTriangulos", "ConsoleApp1.AvaliaçãoTriangulos\ConsoleApp1.AvaliaçãoTriangulos.csproj", "{990A8196-D2EE-4169-AFAD-A4487799BA19}"
EndProject
Global
	GlobalSection(SolutionConfigurationPlatforms) = preSolution
		Debug|Any CPU = Debug|Any CPU
		Release|Any CPU = Release|Any CPU
	EndGlobalSection
	GlobalSection(ProjectConfigurationPlatforms) = postSolution
		{990A8196-D2EE-4169-AFAD-A4487799BA19}.Debug|Any CPU.ActiveCfg = Debug|Any CPU
		{990A8196-D2EE-4169-AFAD-A4487799BA19}.Debug|Any CPU.Build.0 = Debug|Any CPU
		{990A8196-D2EE-4169-AFAD-A4487799BA19}.Release|Any CPU.ActiveCfg = Release|Any CPU
		{990A8196-D2EE-4169-AFAD-A4487799BA19}.Release|Any CPU.Build.0 = Release|Any CPU
	EndGlobalSection
	GlobalSection(SolutionProperties) = preSolution
		HideSolutionNode = FALSE
	EndGlobalSection
	GlobalSection(ExtensibilityGlobals) = postSolution
		SolutionGuid = {0310C673-9016-4276-AADB-B06E81482D0E}
	EndGlobalSection
EndGlobal
